{
  "version": 4,
  "terraform_version": "0.13.1",
  "serial": 34,
  "lineage": "3ed073ea-6d39-4418-8ccb-235b2b7b6c8f",
  "outputs": {
    "ip_ec2": {
      "value": [
        "35.180.29.149"
      ],
      "type": [
        "tuple",
        [
          "string"
        ]
      ]
    }
  },
  "resources": [
    {
      "mode": "managed",
      "type": "aws_instance",
      "name": "ec2",
      "provider": "provider[\"registry.terraform.io/hashicorp/aws\"]",
      "instances": [
        {
          "index_key": 0,
          "schema_version": 1,
          "attributes": {
            "ami": "ami-0ba7c4110ca9bfe0b",
            "arn": "arn:aws:ec2:eu-west-3:238327521642:instance/i-0e7b42bf775c9628c",
            "associate_public_ip_address": true,
            "availability_zone": "eu-west-3c",
            "cpu_core_count": 1,
            "cpu_threads_per_core": 2,
            "credit_specification": [
              {
                "cpu_credits": "unlimited"
              }
            ],
            "disable_api_termination": false,
            "ebs_block_device": [],
            "ebs_optimized": false,
            "enclave_options": [
              {
                "enabled": false
              }
            ],
            "ephemeral_block_device": [],
            "get_password_data": false,
            "hibernation": false,
            "host_id": null,
            "iam_instance_profile": "",
            "id": "i-0e7b42bf775c9628c",
            "instance_initiated_shutdown_behavior": null,
            "instance_state": "running",
            "instance_type": "t3.micro",
            "ipv6_address_count": 0,
            "ipv6_addresses": [],
            "key_name": "deployer-key3",
            "metadata_options": [
              {
                "http_endpoint": "enabled",
                "http_put_response_hop_limit": 1,
                "http_tokens": "optional"
              }
            ],
            "monitoring": false,
            "network_interface": [],
            "outpost_arn": "",
            "password_data": "",
            "placement_group": "",
            "primary_network_interface_id": "eni-0d706e07f43426d31",
            "private_dns": "ip-172-31-43-119.eu-west-3.compute.internal",
            "private_ip": "172.31.43.119",
            "public_dns": "ec2-35-180-29-149.eu-west-3.compute.amazonaws.com",
            "public_ip": "35.180.29.149",
            "root_block_device": [
              {
                "delete_on_termination": true,
                "device_name": "/dev/sda1",
                "encrypted": false,
                "iops": 100,
                "kms_key_id": "",
                "tags": {},
                "throughput": 0,
                "volume_id": "vol-0b41f85afae7b9045",
                "volume_size": 10,
                "volume_type": "gp2"
              }
            ],
            "secondary_private_ips": [],
            "security_groups": [
              "allow_tls"
            ],
            "source_dest_check": true,
            "subnet_id": "subnet-58c6be15",
            "tags": {
              "Name": "akatruk-ec2-vm1",
              "goal": "Testing wal-g",
              "owner": "Andrey Katruk"
            },
            "tenancy": "default",
            "timeouts": null,
            "user_data": "c270cab0be220b7718d4b2c8b61c4573ef14cf93",
            "user_data_base64": null,
            "volume_tags": null,
            "vpc_security_group_ids": [
              "sg-03306932eb841f190"
            ]
          },
          "private": "eyJlMmJmYjczMC1lY2FhLTExZTYtOGY4OC0zNDM2M2JjN2M0YzAiOnsiY3JlYXRlIjo2MDAwMDAwMDAwMDAsImRlbGV0ZSI6MTIwMDAwMDAwMDAwMCwidXBkYXRlIjo2MDAwMDAwMDAwMDB9LCJzY2hlbWFfdmVyc2lvbiI6IjEifQ==",
          "dependencies": [
            "aws_key_pair.deploy_ssh_key",
            "aws_security_group.allow_ssh"
          ]
        }
      ]
    },
    {
      "mode": "managed",
      "type": "aws_key_pair",
      "name": "deploy_ssh_key",
      "provider": "provider[\"registry.terraform.io/hashicorp/aws\"]",
      "instances": [
        {
          "schema_version": 1,
          "attributes": {
            "arn": "arn:aws:ec2:eu-west-3:238327521642:key-pair/deployer-key3",
            "fingerprint": "07:72:3c:c9:7c:23:98:c5:06:85:ec:b2:c4:54:ca:8b",
            "id": "deployer-key3",
            "key_name": "deployer-key3",
            "key_name_prefix": null,
            "key_pair_id": "key-07d502c968445023b",
            "public_key": "ssh-rsa AAAAB3NzaC1yc2EAAAADAQABAAACAQDI+AyjwKSQ9Wbv5WLnvCZ+9ltDs02Hb2K5LLPbrbiUgs18tIPSzyxoYML6wqKdV4OkwhopN4YTdxsBnPfubSXBtoLc4j8qskvKO8EsROmtTrQERdP5K2kGvlFHoFgo80NwK4P3RptI0DKy16KG0bJH2VWvBq6Kwel8FUEDQkNGLDHH0z5U235xVZPSwU43Pc0/xtXy+WXDbJs2VEY0JaYxVsw5b6/9ajZGAw07Q3GTr8K8iRoD2i3wtVs9WioeqZ9hRR2aqmuvNigMPUqzZkjGbksM9ruCRmmU4iXq5oSiBsfXN+kW3DgEqwyxpjA6jIBzqXgk8kKqCglSSxT5mdBeg2Q9NS8CHa5Mdf/Keh8hb4lc06zOtMwtjhpe5sjERbIAF1Y9wAGxsy3qWAdr6GwfWWHHkegr4+GZAHIfyyObdIHExoOt/mOuqrMeheDyjk23mDD8FqF+ymN0x/H6WL8tLHi94Nd1yiwIFBrwuaBT9OJnGtdfGyzKzMCaRBwImv7HlAkAo08vQHamEfAAr7teTPNkI9kZGg4P16jS3O8QnihaHCr7hN5jtewxfJbCtcIBiPLSmuuHPTzv8+JStLgkieMVHpUiSv1o8SArm8zddOhup3HhjsSNmR1HVw/L0Ahrh5RYmIq9Ymumb2jBCiKZ/E1PF9n6bYxAK43wJR8m5Q== akatruk@MacBook-Pro.local",
            "tags": null
          },
          "private": "eyJzY2hlbWFfdmVyc2lvbiI6IjEifQ=="
        }
      ]
    },
    {
      "mode": "managed",
      "type": "aws_security_group",
      "name": "allow_postgres",
      "provider": "provider[\"registry.terraform.io/hashicorp/aws\"]",
      "instances": [
        {
          "schema_version": 1,
          "attributes": {
            "arn": "arn:aws:ec2:eu-west-3:238327521642:security-group/sg-08b0da38f9094a152",
            "description": "allow postgres inbound traffic",
            "egress": [
              {
                "cidr_blocks": [
                  "0.0.0.0/0"
                ],
                "description": "",
                "from_port": 0,
                "ipv6_cidr_blocks": [],
                "prefix_list_ids": [],
                "protocol": "-1",
                "security_groups": [],
                "self": false,
                "to_port": 0
              }
            ],
            "id": "sg-08b0da38f9094a152",
            "ingress": [
              {
                "cidr_blocks": [
                  "0.0.0.0/0"
                ],
                "description": "ssh",
                "from_port": 5432,
                "ipv6_cidr_blocks": [],
                "prefix_list_ids": [],
                "protocol": "tcp",
                "security_groups": [],
                "self": false,
                "to_port": 5432
              }
            ],
            "name": "allow_postgres",
            "name_prefix": "",
            "owner_id": "238327521642",
            "revoke_rules_on_delete": false,
            "tags": {
              "Name": "allow_ssh"
            },
            "timeouts": null,
            "vpc_id": "vpc-e202f38a"
          },
          "private": "eyJlMmJmYjczMC1lY2FhLTExZTYtOGY4OC0zNDM2M2JjN2M0YzAiOnsiY3JlYXRlIjo2MDAwMDAwMDAwMDAsImRlbGV0ZSI6NjAwMDAwMDAwMDAwfSwic2NoZW1hX3ZlcnNpb24iOiIxIn0="
        }
      ]
    },
    {
      "mode": "managed",
      "type": "aws_security_group",
      "name": "allow_ssh",
      "provider": "provider[\"registry.terraform.io/hashicorp/aws\"]",
      "instances": [
        {
          "schema_version": 1,
          "attributes": {
            "arn": "arn:aws:ec2:eu-west-3:238327521642:security-group/sg-03306932eb841f190",
            "description": "allow ssh inbound traffic",
            "egress": [
              {
                "cidr_blocks": [
                  "0.0.0.0/0"
                ],
                "description": "",
                "from_port": 0,
                "ipv6_cidr_blocks": [],
                "prefix_list_ids": [],
                "protocol": "-1",
                "security_groups": [],
                "self": false,
                "to_port": 0
              }
            ],
            "id": "sg-03306932eb841f190",
            "ingress": [
              {
                "cidr_blocks": [
                  "0.0.0.0/0"
                ],
                "description": "ssh",
                "from_port": 22,
                "ipv6_cidr_blocks": [],
                "prefix_list_ids": [],
                "protocol": "tcp",
                "security_groups": [],
                "self": false,
                "to_port": 22
              }
            ],
            "name": "allow_tls",
            "name_prefix": "",
            "owner_id": "238327521642",
            "revoke_rules_on_delete": false,
            "tags": {
              "Name": "allow_ssh"
            },
            "timeouts": null,
            "vpc_id": "vpc-e202f38a"
          },
          "private": "eyJlMmJmYjczMC1lY2FhLTExZTYtOGY4OC0zNDM2M2JjN2M0YzAiOnsiY3JlYXRlIjo2MDAwMDAwMDAwMDAsImRlbGV0ZSI6NjAwMDAwMDAwMDAwfSwic2NoZW1hX3ZlcnNpb24iOiIxIn0="
        }
      ]
    }
  ]
}
